{
  "name": "cz-event-store",
  "version": "1.0.0",
  "lockfileVersion": 3,
  "requires": true,
  "packages": {
    "": {
      "name": "cz-event-store",
      "version": "1.0.0",
      "license": "ISC",
      "dependencies": {
        "cz-event-bus-lib": "^1.0.0"
      }
    },
    "node_modules/cz-event-bus-lib": {
      "version": "1.0.0",
      "resolved": "https://registry.npmmirror.com/cz-event-bus-lib/-/cz-event-bus-lib-1.0.0.tgz",
      "integrity": "sha512-VLZfXYOlWdH0ji6ZnILUbUNypmqL/Zsfef6MrdeIt6SQLxagl5bY0H7YDfwMvQHKGWkha/OVmnuthpNwbM5R3A=="
    }
  }
}
